# Auto-generated by mcpp. Do not edit by hand.
# Records what this build resolved. It does not yet pin future builds:
# index dependencies are re-resolved from their constraints each time.
# dev-dependencies are excluded: only `mcpp test` resolves them, and this
# file must not change depending on which command ran last.
version = 2

[package."chriskohlhoff.asio"]
namespace = "chriskohlhoff"
version = "1.38.1"
source  = "index+chriskohlhoff@1.38.1"
hash    = "fnv1a:1a75569a1744e4ee"

[package."compat.ftxui"]
namespace = "compat"
version = "7.0.3"
source  = "index+compat@7.0.3"
hash    = "fnv1a:78bf82c5d1137667"

[package."compat.openssl"]
namespace = "compat"
version = "3.5.1"
source  = "index+compat@3.5.1"
hash    = "fnv1a:493bf976865af208"

[package."marzer.tomlplusplus"]
namespace = "marzer"
version = "3.4.0"
source  = "index+marzer@3.4.0"
hash    = "fnv1a:1420a0be548b3b22"

[package."mcpplibs.cmdline"]
namespace = "mcpplibs"
version = "0.0.2"
source  = "index+mcpplibs@0.0.2"
hash    = "fnv1a:aad61299abc2c4b7"

